// !$*UTF8*$!
{
	archiveVersion = 1;
	classes = {
	};
	objectVersion = 56;
	objects = {

/* Begin PBXBuildFile section */
		842C46A92956DE6D00E42BBA /* AppDelegate.swift in Sources */ = {isa = PBXBuildFile; fileRef = 842C46A82956DE6D00E42BBA /* AppDelegate.swift */; };
		842C46AB2956DE6D00E42BBA /* SceneDelegate.swift in Sources */ = {isa = PBXBuildFile; fileRef = 842C46AA2956DE6D00E42BBA /* SceneDelegate.swift */; };
		842C46AD2956DE6D00E42BBA /* ViewController.swift in Sources */ = {isa = PBXBuildFile; fileRef = 842C46AC2956DE6D00E42BBA /* ViewController.swift */; };
		842C46B02956DE6D00E42BBA /* Main.storyboard in Resources */ = {isa = PBXBuildFile; fileRef = 842C46AE2956DE6D00E42BBA /* Main.storyboard */; };
		842C46B22956DE6F00E42BBA /* Assets.xcassets in Resources */ = {isa = PBXBuildFile; fileRef = 842C46B12956DE6F00E42BBA /* Assets.xcassets */; };
		842C46B52956DE6F00E42BBA /* LaunchScreen.storyboard in Resources */ = {isa = PBXBuildFile; fileRef = 842C46B32956DE6F00E42BBA /* LaunchScreen.storyboard */; };
		842C46BD295716F000E42BBA /* ObservablesCreator.swift in Sources */ = {isa = PBXBuildFile; fileRef = 842C46BC295716F000E42BBA /* ObservablesCreator.swift */; };
		8449B6BC295988AF00DCF409 /* NetworkManager.swift in Sources */ = {isa = PBXBuildFile; fileRef = 8449B6BB295988AE00DCF409 /* NetworkManager.swift */; };
		8449B6BE29598A2A00DCF409 /* NetworkError.swift in Sources */ = {isa = PBXBuildFile; fileRef = 8449B6BD29598A2A00DCF409 /* NetworkError.swift */; };
		8449B6C72959BF7600DCF409 /* AppManager.swift in Sources */ = {isa = PBXBuildFile; fileRef = 8449B6C52959BF7600DCF409 /* AppManager.swift */; };
		8449B6C82959BF7600DCF409 /* ScenesContainer.swift in Sources */ = {isa = PBXBuildFile; fileRef = 8449B6C62959BF7600DCF409 /* ScenesContainer.swift */; };
		8449B6CD2959BFA100DCF409 /* HomeVC.swift in Sources */ = {isa = PBXBuildFile; fileRef = 8449B6CB2959BFA100DCF409 /* HomeVC.swift */; };
		8449B6CE2959BFA100DCF409 /* HomeVC.xib in Resources */ = {isa = PBXBuildFile; fileRef = 8449B6CC2959BFA100DCF409 /* HomeVC.xib */; };
		8449B6D12959EAD700DCF409 /* UICollectionView+Extension.swift in Sources */ = {isa = PBXBuildFile; fileRef = 8449B6D02959EAD700DCF409 /* UICollectionView+Extension.swift */; };
		8449B6D5295C563400DCF409 /* DemoCell.swift in Sources */ = {isa = PBXBuildFile; fileRef = 8449B6D3295C563400DCF409 /* DemoCell.swift */; };
		8449B6D6295C563400DCF409 /* DemoCell.xib in Resources */ = {isa = PBXBuildFile; fileRef = 8449B6D4295C563400DCF409 /* DemoCell.xib */; };
		8449B6DA295C579400DCF409 /* HeaderView.swift in Sources */ = {isa = PBXBuildFile; fileRef = 8449B6D8295C579400DCF409 /* HeaderView.swift */; };
		8449B6DB295C579400DCF409 /* HeaderView.xib in Resources */ = {isa = PBXBuildFile; fileRef = 8449B6D9295C579400DCF409 /* HeaderView.xib */; };
		8449B6E4296073B100DCF409 /* VerificationVC.swift in Sources */ = {isa = PBXBuildFile; fileRef = 8449B6E2296073B100DCF409 /* VerificationVC.swift */; };
		8449B6E5296073B100DCF409 /* VerificationVC.xib in Resources */ = {isa = PBXBuildFile; fileRef = 8449B6E3296073B100DCF409 /* VerificationVC.xib */; };
		8449B6E92960D32200DCF409 /* MenuTabsVC.swift in Sources */ = {isa = PBXBuildFile; fileRef = 8449B6E72960D32200DCF409 /* MenuTabsVC.swift */; };
		8449B6EA2960D32200DCF409 /* MenuTabsVC.xib in Resources */ = {isa = PBXBuildFile; fileRef = 8449B6E82960D32200DCF409 /* MenuTabsVC.xib */; };
		8449B6EE2960D51D00DCF409 /* TabCell.swift in Sources */ = {isa = PBXBuildFile; fileRef = 8449B6EC2960D51D00DCF409 /* TabCell.swift */; };
		8449B6EF2960D51D00DCF409 /* TabCell.xib in Resources */ = {isa = PBXBuildFile; fileRef = 8449B6ED2960D51D00DCF409 /* TabCell.xib */; };
		8449B6F12960DD2C00DCF409 /* UIViewController+Extension.swift in Sources */ = {isa = PBXBuildFile; fileRef = 8449B6F02960DD2C00DCF409 /* UIViewController+Extension.swift */; };
		EAA196C98CBF57F422FE774A /* Pods_RXSwiftDemo.framework in Frameworks */ = {isa = PBXBuildFile; fileRef = 9AD6FD3232E0FDC2404F46B5 /* Pods_RXSwiftDemo.framework */; };
/* End PBXBuildFile section */

/* Begin PBXFileReference section */
		5197825AB6F99CA863F0EF8B /* Pods-RXSwiftDemo.debug.xcconfig */ = {isa = PBXFileReference; includeInIndex = 1; lastKnownFileType = text.xcconfig; name = "Pods-RXSwiftDemo.debug.xcconfig"; path = "Target Support Files/Pods-RXSwiftDemo/Pods-RXSwiftDemo.debug.xcconfig"; sourceTree = "<group>"; };
		842C46A52956DE6D00E42BBA /* RXSwiftDemo.app */ = {isa = PBXFileReference; explicitFileType = wrapper.application; includeInIndex = 0; path = RXSwiftDemo.app; sourceTree = BUILT_PRODUCTS_DIR; };
		842C46A82956DE6D00E42BBA /* AppDelegate.swift */ = {isa = PBXFileReference; lastKnownFileType = sourcecode.swift; path = AppDelegate.swift; sourceTree = "<group>"; };
		842C46AA2956DE6D00E42BBA /* SceneDelegate.swift */ = {isa = PBXFileReference; lastKnownFileType = sourcecode.swift; path = SceneDelegate.swift; sourceTree = "<group>"; };
		842C46AC2956DE6D00E42BBA /* ViewController.swift */ = {isa = PBXFileReference; lastKnownFileType = sourcecode.swift; path = ViewController.swift; sourceTree = "<group>"; };
		842C46AF2956DE6D00E42BBA /* Base */ = {isa = PBXFileReference; lastKnownFileType = file.storyboard; name = Base; path = Base.lproj/Main.storyboard; sourceTree = "<group>"; };
		842C46B12956DE6F00E42BBA /* Assets.xcassets */ = {isa = PBXFileReference; lastKnownFileType = folder.assetcatalog; path = Assets.xcassets; sourceTree = "<group>"; };
		842C46B42956DE6F00E42BBA /* Base */ = {isa = PBXFileReference; lastKnownFileType = file.storyboard; name = Base; path = Base.lproj/LaunchScreen.storyboard; sourceTree = "<group>"; };
		842C46B62956DE6F00E42BBA /* Info.plist */ = {isa = PBXFileReference; lastKnownFileType = text.plist.xml; path = Info.plist; sourceTree = "<group>"; };
		842C46BC295716F000E42BBA /* ObservablesCreator.swift */ = {isa = PBXFileReference; lastKnownFileType = sourcecode.swift; path = ObservablesCreator.swift; sourceTree = "<group>"; };
		8449B6BB295988AE00DCF409 /* NetworkManager.swift */ = {isa = PBXFileReference; lastKnownFileType = sourcecode.swift; path = NetworkManager.swift; sourceTree = "<group>"; };
		8449B6BD29598A2A00DCF409 /* NetworkError.swift */ = {isa = PBXFileReference; lastKnownFileType = sourcecode.swift; path = NetworkError.swift; sourceTree = "<group>"; };
		8449B6C52959BF7600DCF409 /* AppManager.swift */ = {isa = PBXFileReference; fileEncoding = 4; lastKnownFileType = sourcecode.swift; path = AppManager.swift; sourceTree = "<group>"; };
		8449B6C62959BF7600DCF409 /* ScenesContainer.swift */ = {isa = PBXFileReference; fileEncoding = 4; lastKnownFileType = sourcecode.swift; path = ScenesContainer.swift; sourceTree = "<group>"; };
		8449B6CB2959BFA100DCF409 /* HomeVC.swift */ = {isa = PBXFileReference; lastKnownFileType = sourcecode.swift; path = HomeVC.swift; sourceTree = "<group>"; };
		8449B6CC2959BFA100DCF409 /* HomeVC.xib */ = {isa = PBXFileReference; lastKnownFileType = file.xib; path = HomeVC.xib; sourceTree = "<group>"; };
		8449B6D02959EAD700DCF409 /* UICollectionView+Extension.swift */ = {isa = PBXFileReference; lastKnownFileType = sourcecode.swift; path = "UICollectionView+Extension.swift"; sourceTree = "<group>"; };
		8449B6D3295C563400DCF409 /* DemoCell.swift */ = {isa = PBXFileReference; lastKnownFileType = sourcecode.swift; path = DemoCell.swift; sourceTree = "<group>"; };
		8449B6D4295C563400DCF409 /* DemoCell.xib */ = {isa = PBXFileReference; lastKnownFileType = file.xib; path = DemoCell.xib; sourceTree = "<group>"; };
		8449B6D8295C579400DCF409 /* HeaderView.swift */ = {isa = PBXFileReference; lastKnownFileType = sourcecode.swift; path = HeaderView.swift; sourceTree = "<group>"; };
		8449B6D9295C579400DCF409 /* HeaderView.xib */ = {isa = PBXFileReference; lastKnownFileType = file.xib; path = HeaderView.xib; sourceTree = "<group>"; };
		8449B6E2296073B100DCF409 /* VerificationVC.swift */ = {isa = PBXFileReference; lastKnownFileType = sourcecode.swift; path = VerificationVC.swift; sourceTree = "<group>"; };
		8449B6E3296073B100DCF409 /* VerificationVC.xib */ = {isa = PBXFileReference; lastKnownFileType = file.xib; path = VerificationVC.xib; sourceTree = "<group>"; };
		8449B6E72960D32200DCF409 /* MenuTabsVC.swift */ = {isa = PBXFileReference; lastKnownFileType = sourcecode.swift; path = MenuTabsVC.swift; sourceTree = "<group>"; };
		8449B6E82960D32200DCF409 /* MenuTabsVC.xib */ = {isa = PBXFileReference; lastKnownFileType = file.xib; path = MenuTabsVC.xib; sourceTree = "<group>"; };
		8449B6EC2960D51D00DCF409 /* TabCell.swift */ = {isa = PBXFileReference; lastKnownFileType = sourcecode.swift; path = TabCell.swift; sourceTree = "<group>"; };
		8449B6ED2960D51D00DCF409 /* TabCell.xib */ = {isa = PBXFileReference; lastKnownFileType = file.xib; path = TabCell.xib; sourceTree = "<group>"; };
		8449B6F02960DD2C00DCF409 /* UIViewController+Extension.swift */ = {isa = PBXFileReference; lastKnownFileType = sourcecode.swift; path = "UIViewController+Extension.swift"; sourceTree = "<group>"; };
		9AD6FD3232E0FDC2404F46B5 /* Pods_RXSwiftDemo.framework */ = {isa = PBXFileReference; explicitFileType = wrapper.framework; includeInIndex = 0; path = Pods_RXSwiftDemo.framework; sourceTree = BUILT_PRODUCTS_DIR; };
		D4620EA6006829A725BE6C79 /* Pods-RXSwiftDemo.release.xcconfig */ = {isa = PBXFileReference; includeInIndex = 1; lastKnownFileType = text.xcconfig; name = "Pods-RXSwiftDemo.release.xcconfig"; path = "Target Support Files/Pods-RXSwiftDemo/Pods-RXSwiftDemo.release.xcconfig"; sourceTree = "<group>"; };
/* End PBXFileReference section */

/* Begin PBXFrameworksBuildPhase section */
		842C46A22956DE6D00E42BBA /* Frameworks */ = {
			isa = PBXFrameworksBuildPhase;
			buildActionMask = 2147483647;
			files = (
				EAA196C98CBF57F422FE774A /* Pods_RXSwiftDemo.framework in Frameworks */,
			);
			runOnlyForDeploymentPostprocessing = 0;
		};
/* End PBXFrameworksBuildPhase section */

/* Begin PBXGroup section */
		1802061E22B82B6F43376246 /* Frameworks */ = {
			isa = PBXGroup;
			children = (
				9AD6FD3232E0FDC2404F46B5 /* Pods_RXSwiftDemo.framework */,
			);
			name = Frameworks;
			sourceTree = "<group>";
		};
		67744E45BC4741FB83E67421 /* Pods */ = {
			isa = PBXGroup;
			children = (
				5197825AB6F99CA863F0EF8B /* Pods-RXSwiftDemo.debug.xcconfig */,
				D4620EA6006829A725BE6C79 /* Pods-RXSwiftDemo.release.xcconfig */,
			);
			path = Pods;
			sourceTree = "<group>";
		};
		842C469C2956DE6D00E42BBA = {
			isa = PBXGroup;
			children = (
				842C46A72956DE6D00E42BBA /* RXSwiftDemo */,
				842C46A62956DE6D00E42BBA /* Products */,
				67744E45BC4741FB83E67421 /* Pods */,
				1802061E22B82B6F43376246 /* Frameworks */,
			);
			sourceTree = "<group>";
		};
		842C46A62956DE6D00E42BBA /* Products */ = {
			isa = PBXGroup;
			children = (
				842C46A52956DE6D00E42BBA /* RXSwiftDemo.app */,
			);
			name = Products;
			sourceTree = "<group>";
		};
		842C46A72956DE6D00E42BBA /* RXSwiftDemo */ = {
			isa = PBXGroup;
			children = (
				8449B6E02960738C00DCF409 /* Features */,
				8449B6CF2959EAC000DCF409 /* Extensions */,
				8449B6BA2959889D00DCF409 /* Data */,
				8449B6C32959BF7600DCF409 /* Services */,
				842C46A82956DE6D00E42BBA /* AppDelegate.swift */,
				842C46AA2956DE6D00E42BBA /* SceneDelegate.swift */,
				842C46AC2956DE6D00E42BBA /* ViewController.swift */,
				842C46AE2956DE6D00E42BBA /* Main.storyboard */,
				842C46B12956DE6F00E42BBA /* Assets.xcassets */,
				842C46B32956DE6F00E42BBA /* LaunchScreen.storyboard */,
				842C46B62956DE6F00E42BBA /* Info.plist */,
				842C46BC295716F000E42BBA /* ObservablesCreator.swift */,
			);
			path = RXSwiftDemo;
			sourceTree = "<group>";
		};
		8449B6BA2959889D00DCF409 /* Data */ = {
			isa = PBXGroup;
			children = (
				8449B6BB295988AE00DCF409 /* NetworkManager.swift */,
				8449B6BD29598A2A00DCF409 /* NetworkError.swift */,
			);
			path = Data;
			sourceTree = "<group>";
		};
		8449B6C32959BF7600DCF409 /* Services */ = {
			isa = PBXGroup;
			children = (
				8449B6C42959BF7600DCF409 /* Navigation */,
			);
			path = Services;
			sourceTree = "<group>";
		};
		8449B6C42959BF7600DCF409 /* Navigation */ = {
			isa = PBXGroup;
			children = (
				8449B6C52959BF7600DCF409 /* AppManager.swift */,
				8449B6C62959BF7600DCF409 /* ScenesContainer.swift */,
			);
			path = Navigation;
			sourceTree = "<group>";
		};
		8449B6C92959BF8600DCF409 /* Home */ = {
			isa = PBXGroup;
			children = (
				8449B6D7295C577E00DCF409 /* Header */,
				8449B6D2295C561100DCF409 /* Cell */,
				8449B6CA2959BF8B00DCF409 /* VC */,
			);
			path = Home;
			sourceTree = "<group>";
		};
		8449B6CA2959BF8B00DCF409 /* VC */ = {
			isa = PBXGroup;
			children = (
				8449B6CB2959BFA100DCF409 /* HomeVC.swift */,
				8449B6CC2959BFA100DCF409 /* HomeVC.xib */,
			);
			path = VC;
			sourceTree = "<group>";
		};
		8449B6CF2959EAC000DCF409 /* Extensions */ = {
			isa = PBXGroup;
			children = (
				8449B6D02959EAD700DCF409 /* UICollectionView+Extension.swift */,
				8449B6F02960DD2C00DCF409 /* UIViewController+Extension.swift */,
			);
			path = Extensions;
			sourceTree = "<group>";
		};
		8449B6D2295C561100DCF409 /* Cell */ = {
			isa = PBXGroup;
			children = (
				8449B6D3295C563400DCF409 /* DemoCell.swift */,
				8449B6D4295C563400DCF409 /* DemoCell.xib */,
			);
			path = Cell;
			sourceTree = "<group>";
		};
		8449B6D7295C577E00DCF409 /* Header */ = {
			isa = PBXGroup;
			children = (
				8449B6D8295C579400DCF409 /* HeaderView.swift */,
				8449B6D9295C579400DCF409 /* HeaderView.xib */,
			);
			path = Header;
			sourceTree = "<group>";
		};
		8449B6E02960738C00DCF409 /* Features */ = {
			isa = PBXGroup;
			children = (
				8449B6E62960D30000DCF409 /* MenuTab */,
				8449B6C92959BF8600DCF409 /* Home */,
				8449B6E12960739500DCF409 /* Verification */,
			);
			path = Features;
			sourceTree = "<group>";
		};
		8449B6E12960739500DCF409 /* Verification */ = {
			isa = PBXGroup;
			children = (
				8449B6E2296073B100DCF409 /* VerificationVC.swift */,
				8449B6E3296073B100DCF409 /* VerificationVC.xib */,
			);
			path = Verification;
			sourceTree = "<group>";
		};
		8449B6E62960D30000DCF409 /* MenuTab */ = {
			isa = PBXGroup;
			children = (
				8449B6EB2960D4F600DCF409 /* Cell */,
				8449B6E72960D32200DCF409 /* MenuTabsVC.swift */,
				8449B6E82960D32200DCF409 /* MenuTabsVC.xib */,
			);
			path = MenuTab;
			sourceTree = "<group>";
		};
		8449B6EB2960D4F600DCF409 /* Cell */ = {
			isa = PBXGroup;
			children = (
				8449B6EC2960D51D00DCF409 /* TabCell.swift */,
				8449B6ED2960D51D00DCF409 /* TabCell.xib */,
			);
			path = Cell;
			sourceTree = "<group>";
		};
/* End PBXGroup section */

/* Begin PBXNativeTarget section */
		842C46A42956DE6D00E42BBA /* RXSwiftDemo */ = {
			isa = PBXNativeTarget;
			buildConfigurationList = 842C46B92956DE6F00E42BBA /* Build configuration list for PBXNativeTarget "RXSwiftDemo" */;
			buildPhases = (
				30914B20707809FE371EBF99 /* [CP] Check Pods Manifest.lock */,
				842C46A12956DE6D00E42BBA /* Sources */,
				842C46A22956DE6D00E42BBA /* Frameworks */,
				842C46A32956DE6D00E42BBA /* Resources */,
				6682AC3ADEE9A80029310938 /* [CP] Embed Pods Frameworks */,
			);
			buildRules = (
			);
			dependencies = (
			);
			name = RXSwiftDemo;
			productName = RXSwiftDemo;
			productReference = 842C46A52956DE6D00E42BBA /* RXSwiftDemo.app */;
			productType = "com.apple.product-type.application";
		};
/* End PBXNativeTarget section */

/* Begin PBXProject section */
		842C469D2956DE6D00E42BBA /* Project object */ = {
			isa = PBXProject;
			attributes = {
				BuildIndependentTargetsInParallel = 1;
				LastSwiftUpdateCheck = 1400;
				LastUpgradeCheck = 1400;
				TargetAttributes = {
					842C46A42956DE6D00E42BBA = {
						CreatedOnToolsVersion = 14.0;
					};
				};
			};
			buildConfigurationList = 842C46A02956DE6D00E42BBA /* Build configuration list for PBXProject "RXSwiftDemo" */;
			compatibilityVersion = "Xcode 14.0";
			developmentRegion = en;
			hasScannedForEncodings = 0;
			knownRegions = (
				en,
				Base,
			);
			mainGroup = 842C469C2956DE6D00E42BBA;
			productRefGroup = 842C46A62956DE6D00E42BBA /* Products */;
			projectDirPath = "";
			projectRoot = "";
			targets = (
				842C46A42956DE6D00E42BBA /* RXSwiftDemo */,
			);
		};
/* End PBXProject section */

/* Begin PBXResourcesBuildPhase section */
		842C46A32956DE6D00E42BBA /* Resources */ = {
			isa = PBXResourcesBuildPhase;
			buildActionMask = 2147483647;
			files = (
				8449B6D6295C563400DCF409 /* DemoCell.xib in Resources */,
				842C46B52956DE6F00E42BBA /* LaunchScreen.storyboard in Resources */,
				8449B6E5296073B100DCF409 /* VerificationVC.xib in Resources */,
				8449B6CE2959BFA100DCF409 /* HomeVC.xib in Resources */,
				8449B6DB295C579400DCF409 /* HeaderView.xib in Resources */,
				842C46B22956DE6F00E42BBA /* Assets.xcassets in Resources */,
				842C46B02956DE6D00E42BBA /* Main.storyboard in Resources */,
				8449B6EA2960D32200DCF409 /* MenuTabsVC.xib in Resources */,
				8449B6EF2960D51D00DCF409 /* TabCell.xib in Resources */,
			);
			runOnlyForDeploymentPostprocessing = 0;
		};
/* End PBXResourcesBuildPhase section */

/* Begin PBXShellScriptBuildPhase section */
		30914B20707809FE371EBF99 /* [CP] Check Pods Manifest.lock */ = {
			isa = PBXShellScriptBuildPhase;
			buildActionMask = 2147483647;
			files = (
			);
			inputFileListPaths = (
			);
			inputPaths = (
				"${PODS_PODFILE_DIR_PATH}/Podfile.lock",
				"${PODS_ROOT}/Manifest.lock",
			);
			name = "[CP] Check Pods Manifest.lock";
			outputFileListPaths = (
			);
			outputPaths = (
				"$(DERIVED_FILE_DIR)/Pods-RXSwiftDemo-checkManifestLockResult.txt",
			);
			runOnlyForDeploymentPostprocessing = 0;
			shellPath = /bin/sh;
			shellScript = "diff \"${PODS_PODFILE_DIR_PATH}/Podfile.lock\" \"${PODS_ROOT}/Manifest.lock\" > /dev/null\nif [ $? != 0 ] ; then\n    # print error to STDERR\n    echo \"error: The sandbox is not in sync with the Podfile.lock. Run 'pod install' or update your CocoaPods installation.\" >&2\n    exit 1\nfi\n# This output is used by Xcode 'outputs' to avoid re-running this script phase.\necho \"SUCCESS\" > \"${SCRIPT_OUTPUT_FILE_0}\"\n";
			showEnvVarsInLog = 0;
		};
		6682AC3ADEE9A80029310938 /* [CP] Embed Pods Frameworks */ = {
			isa = PBXShellScriptBuildPhase;
			buildActionMask = 2147483647;
			files = (
			);
			inputFileListPaths = (
				"${PODS_ROOT}/Target Support Files/Pods-RXSwiftDemo/Pods-RXSwiftDemo-frameworks-${CONFIGURATION}-input-files.xcfilelist",
			);
			name = "[CP] Embed Pods Frameworks";
			outputFileListPaths = (
				"${PODS_ROOT}/Target Support Files/Pods-RXSwiftDemo/Pods-RXSwiftDemo-frameworks-${CONFIGURATION}-output-files.xcfilelist",
			);
			runOnlyForDeploymentPostprocessing = 0;
			shellPath = /bin/sh;
			shellScript = "\"${PODS_ROOT}/Target Support Files/Pods-RXSwiftDemo/Pods-RXSwiftDemo-frameworks.sh\"\n";
			showEnvVarsInLog = 0;
		};
/* End PBXShellScriptBuildPhase section */

/* Begin PBXSourcesBuildPhase section */
		842C46A12956DE6D00E42BBA /* Sources */ = {
			isa = PBXSourcesBuildPhase;
			buildActionMask = 2147483647;
			files = (
				8449B6F12960DD2C00DCF409 /* UIViewController+Extension.swift in Sources */,
				8449B6C72959BF7600DCF409 /* AppManager.swift in Sources */,
				842C46AD2956DE6D00E42BBA /* ViewController.swift in Sources */,
				8449B6EE2960D51D00DCF409 /* TabCell.swift in Sources */,
				842C46A92956DE6D00E42BBA /* AppDelegate.swift in Sources */,
				8449B6CD2959BFA100DCF409 /* HomeVC.swift in Sources */,
				8449B6BC295988AF00DCF409 /* NetworkManager.swift in Sources */,
				8449B6C82959BF7600DCF409 /* ScenesContainer.swift in Sources */,
				8449B6D12959EAD700DCF409 /* UICollectionView+Extension.swift in Sources */,
				8449B6E4296073B100DCF409 /* VerificationVC.swift in Sources */,
				8449B6DA295C579400DCF409 /* HeaderView.swift in Sources */,
				8449B6E92960D32200DCF409 /* MenuTabsVC.swift in Sources */,
				8449B6D5295C563400DCF409 /* DemoCell.swift in Sources */,
				8449B6BE29598A2A00DCF409 /* NetworkError.swift in Sources */,
				842C46AB2956DE6D00E42BBA /* SceneDelegate.swift in Sources */,
				842C46BD295716F000E42BBA /* ObservablesCreator.swift in Sources */,
			);
			runOnlyForDeploymentPostprocessing = 0;
		};
/* End PBXSourcesBuildPhase section */

/* Begin PBXVariantGroup section */
		842C46AE2956DE6D00E42BBA /* Main.storyboard */ = {
			isa = PBXVariantGroup;
			children = (
				842C46AF2956DE6D00E42BBA /* Base */,
			);
			name = Main.storyboard;
			sourceTree = "<group>";
		};
		842C46B32956DE6F00E42BBA /* LaunchScreen.storyboard */ = {
			isa = PBXVariantGroup;
			children = (
				842C46B42956DE6F00E42BBA /* Base */,
			);
			name = LaunchScreen.storyboard;
			sourceTree = "<group>";
		};
/* End PBXVariantGroup section */

/* Begin XCBuildConfiguration section */
		842C46B72956DE6F00E42BBA /* Debug */ = {
			isa = XCBuildConfiguration;
			buildSettings = {
				ALWAYS_SEARCH_USER_PATHS = NO;
				CLANG_ANALYZER_NONNULL = YES;
				CLANG_ANALYZER_NUMBER_OBJECT_CONVERSION = YES_AGGRESSIVE;
				CLANG_CXX_LANGUAGE_STANDARD = "gnu++20";
				CLANG_ENABLE_MODULES = YES;
				CLANG_ENABLE_OBJC_ARC = YES;
				CLANG_ENABLE_OBJC_WEAK = YES;
				CLANG_WARN_BLOCK_CAPTURE_AUTORELEASING = YES;
				CLANG_WARN_BOOL_CONVERSION = YES;
				CLANG_WARN_COMMA = YES;
				CLANG_WARN_CONSTANT_CONVERSION = YES;
				CLANG_WARN_DEPRECATED_OBJC_IMPLEMENTATIONS = YES;
				CLANG_WARN_DIRECT_OBJC_ISA_USAGE = YES_ERROR;
				CLANG_WARN_DOCUMENTATION_COMMENTS = YES;
				CLANG_WARN_EMPTY_BODY = YES;
				CLANG_WARN_ENUM_CONVERSION = YES;
				CLANG_WARN_INFINITE_RECURSION = YES;
				CLANG_WARN_INT_CONVERSION = YES;
				CLANG_WARN_NON_LITERAL_NULL_CONVERSION = YES;
				CLANG_WARN_OBJC_IMPLICIT_RETAIN_SELF = YES;
				CLANG_WARN_OBJC_LITERAL_CONVERSION = YES;
				CLANG_WARN_OBJC_ROOT_CLASS = YES_ERROR;
				CLANG_WARN_QUOTED_INCLUDE_IN_FRAMEWORK_HEADER = YES;
				CLANG_WARN_RANGE_LOOP_ANALYSIS = YES;
				CLANG_WARN_STRICT_PROTOTYPES = YES;
				CLANG_WARN_SUSPICIOUS_MOVE = YES;
				CLANG_WARN_UNGUARDED_AVAILABILITY = YES_AGGRESSIVE;
				CLANG_WARN_UNREACHABLE_CODE = YES;
				CLANG_WARN__DUPLICATE_METHOD_MATCH = YES;
				COPY_PHASE_STRIP = NO;
				DEBUG_INFORMATION_FORMAT = dwarf;
				ENABLE_STRICT_OBJC_MSGSEND = YES;
				ENABLE_TESTABILITY = YES;
				GCC_C_LANGUAGE_STANDARD = gnu11;
				GCC_DYNAMIC_NO_PIC = NO;
				GCC_NO_COMMON_BLOCKS = YES;
				GCC_OPTIMIZATION_LEVEL = 0;
				GCC_PREPROCESSOR_DEFINITIONS = (
					"DEBUG=1",
					"$(inherited)",
				);
				GCC_WARN_64_TO_32_BIT_CONVERSION = YES;
				GCC_WARN_ABOUT_RETURN_TYPE = YES_ERROR;
				GCC_WARN_UNDECLARED_SELECTOR = YES;
				GCC_WARN_UNINITIALIZED_AUTOS = YES_AGGRESSIVE;
				GCC_WARN_UNUSED_FUNCTION = YES;
				GCC_WARN_UNUSED_VARIABLE = YES;
				IPHONEOS_DEPLOYMENT_TARGET = 16.0;
				MTL_ENABLE_DEBUG_INFO = INCLUDE_SOURCE;
				MTL_FAST_MATH = YES;
				ONLY_ACTIVE_ARCH = YES;
				SDKROOT = iphoneos;
				SWIFT_ACTIVE_COMPILATION_CONDITIONS = DEBUG;
				SWIFT_OPTIMIZATION_LEVEL = "-Onone";
			};
			name = Debug;
		};
		842C46B82956DE6F00E42BBA /* Release */ = {
			isa = XCBuildConfiguration;
			buildSettings = {
				ALWAYS_SEARCH_USER_PATHS = NO;
				CLANG_ANALYZER_NONNULL = YES;
				CLANG_ANALYZER_NUMBER_OBJECT_CONVERSION = YES_AGGRESSIVE;
				CLANG_CXX_LANGUAGE_STANDARD = "gnu++20";
				CLANG_ENABLE_MODULES = YES;
				CLANG_ENABLE_OBJC_ARC = YES;
				CLANG_ENABLE_OBJC_WEAK = YES;
				CLANG_WARN_BLOCK_CAPTURE_AUTORELEASING = YES;
				CLANG_WARN_BOOL_CONVERSION = YES;
				CLANG_WARN_COMMA = YES;
				CLANG_WARN_CONSTANT_CONVERSION = YES;
				CLANG_WARN_DEPRECATED_OBJC_IMPLEMENTATIONS = YES;
				CLANG_WARN_DIRECT_OBJC_ISA_USAGE = YES_ERROR;
				CLANG_WARN_DOCUMENTATION_COMMENTS = YES;
				CLANG_WARN_EMPTY_BODY = YES;
				CLANG_WARN_ENUM_CONVERSION = YES;
				CLANG_WARN_INFINITE_RECURSION = YES;
				CLANG_WARN_INT_CONVERSION = YES;
				CLANG_WARN_NON_LITERAL_NULL_CONVERSION = YES;
				CLANG_WARN_OBJC_IMPLICIT_RETAIN_SELF = YES;
				CLANG_WARN_OBJC_LITERAL_CONVERSION = YES;
				CLANG_WARN_OBJC_ROOT_CLASS = YES_ERROR;
				CLANG_WARN_QUOTED_INCLUDE_IN_FRAMEWORK_HEADER = YES;
				CLANG_WARN_RANGE_LOOP_ANALYSIS = YES;
				CLANG_WARN_STRICT_PROTOTYPES = YES;
				CLANG_WARN_SUSPICIOUS_MOVE = YES;
				CLANG_WARN_UNGUARDED_AVAILABILITY = YES_AGGRESSIVE;
				CLANG_WARN_UNREACHABLE_CODE = YES;
				CLANG_WARN__DUPLICATE_METHOD_MATCH = YES;
				COPY_PHASE_STRIP = NO;
				DEBUG_INFORMATION_FORMAT = "dwarf-with-dsym";
				ENABLE_NS_ASSERTIONS = NO;
				ENABLE_STRICT_OBJC_MSGSEND = YES;
				GCC_C_LANGUAGE_STANDARD = gnu11;
				GCC_NO_COMMON_BLOCKS = YES;
				GCC_WARN_64_TO_32_BIT_CONVERSION = YES;
				GCC_WARN_ABOUT_RETURN_TYPE = YES_ERROR;
				GCC_WARN_UNDECLARED_SELECTOR = YES;
				GCC_WARN_UNINITIALIZED_AUTOS = YES_AGGRESSIVE;
				GCC_WARN_UNUSED_FUNCTION = YES;
				GCC_WARN_UNUSED_VARIABLE = YES;
				IPHONEOS_DEPLOYMENT_TARGET = 16.0;
				MTL_ENABLE_DEBUG_INFO = NO;
				MTL_FAST_MATH = YES;
				SDKROOT = iphoneos;
				SWIFT_COMPILATION_MODE = wholemodule;
				SWIFT_OPTIMIZATION_LEVEL = "-O";
				VALIDATE_PRODUCT = YES;
			};
			name = Release;
		};
		842C46BA2956DE6F00E42BBA /* Debug */ = {
			isa = XCBuildConfiguration;
			baseConfigurationReference = 5197825AB6F99CA863F0EF8B /* Pods-RXSwiftDemo.debug.xcconfig */;
			buildSettings = {
				ASSETCATALOG_COMPILER_APPICON_NAME = AppIcon;
				ASSETCATALOG_COMPILER_GLOBAL_ACCENT_COLOR_NAME = AccentColor;
				CODE_SIGN_STYLE = Automatic;
				CURRENT_PROJECT_VERSION = 1;
				DEVELOPMENT_TEAM = C3285PZR24;
				GCC_WARN_INHIBIT_ALL_WARNINGS = NO;
				GENERATE_INFOPLIST_FILE = YES;
				INFOPLIST_FILE = RXSwiftDemo/Info.plist;
				INFOPLIST_KEY_UIApplicationSupportsIndirectInputEvents = YES;
				INFOPLIST_KEY_UILaunchStoryboardName = LaunchScreen;
				INFOPLIST_KEY_UISupportedInterfaceOrientations_iPad = "UIInterfaceOrientationPortrait UIInterfaceOrientationPortraitUpsideDown UIInterfaceOrientationLandscapeLeft UIInterfaceOrientationLandscapeRight";
				INFOPLIST_KEY_UISupportedInterfaceOrientations_iPhone = "UIInterfaceOrientationPortrait UIInterfaceOrientationLandscapeLeft UIInterfaceOrientationLandscapeRight";
				LD_RUNPATH_SEARCH_PATHS = (
					"$(inherited)",
					"@executable_path/Frameworks",
				);
				MARKETING_VERSION = 1.0;
				PRODUCT_BUNDLE_IDENTIFIER = com.personal.RXSwiftDemo;
				PRODUCT_NAME = "$(TARGET_NAME)";
				SWIFT_EMIT_LOC_STRINGS = YES;
				SWIFT_VERSION = 5.0;
				TARGETED_DEVICE_FAMILY = "1,2";
			};
			name = Debug;
		};
		842C46BB2956DE6F00E42BBA /* Release */ = {
			isa = XCBuildConfiguration;
			baseConfigurationReference = D4620EA6006829A725BE6C79 /* Pods-RXSwiftDemo.release.xcconfig */;
			buildSettings = {
				ASSETCATALOG_COMPILER_APPICON_NAME = AppIcon;
				ASSETCATALOG_COMPILER_GLOBAL_ACCENT_COLOR_NAME = AccentColor;
				CODE_SIGN_STYLE = Automatic;
				CURRENT_PROJECT_VERSION = 1;
				DEVELOPMENT_TEAM = C3285PZR24;
				GCC_WARN_INHIBIT_ALL_WARNINGS = NO;
				GENERATE_INFOPLIST_FILE = YES;
				INFOPLIST_FILE = RXSwiftDemo/Info.plist;
				INFOPLIST_KEY_UIApplicationSupportsIndirectInputEvents = YES;
				INFOPLIST_KEY_UILaunchStoryboardName = LaunchScreen;
				INFOPLIST_KEY_UISupportedInterfaceOrientations_iPad = "UIInterfaceOrientationPortrait UIInterfaceOrientationPortraitUpsideDown UIInterfaceOrientationLandscapeLeft UIInterfaceOrientationLandscapeRight";
				INFOPLIST_KEY_UISupportedInterfaceOrientations_iPhone = "UIInterfaceOrientationPortrait UIInterfaceOrientationLandscapeLeft UIInterfaceOrientationLandscapeRight";
				LD_RUNPATH_SEARCH_PATHS = (
					"$(inherited)",
					"@executable_path/Frameworks",
				);
				MARKETING_VERSION = 1.0;
				PRODUCT_BUNDLE_IDENTIFIER = com.personal.RXSwiftDemo;
				PRODUCT_NAME = "$(TARGET_NAME)";
				SWIFT_EMIT_LOC_STRINGS = YES;
				SWIFT_VERSION = 5.0;
				TARGETED_DEVICE_FAMILY = "1,2";
			};
			name = Release;
		};
/* End XCBuildConfiguration section */

/* Begin XCConfigurationList section */
		842C46A02956DE6D00E42BBA /* Build configuration list for PBXProject "RXSwiftDemo" */ = {
			isa = XCConfigurationList;
			buildConfigurations = (
				842C46B72956DE6F00E42BBA /* Debug */,
				842C46B82956DE6F00E42BBA /* Release */,
			);
			defaultConfigurationIsVisible = 0;
			defaultConfigurationName = Release;
		};
		842C46B92956DE6F00E42BBA /* Build configuration list for PBXNativeTarget "RXSwiftDemo" */ = {
			isa = XCConfigurationList;
			buildConfigurations = (
				842C46BA2956DE6F00E42BBA /* Debug */,
				842C46BB2956DE6F00E42BBA /* Release */,
			);
			defaultConfigurationIsVisible = 0;
			defaultConfigurationName = Release;
		};
/* End XCConfigurationList section */
	};
	rootObject = 842C469D2956DE6D00E42BBA /* Project object */;
}
